
Microsoft Visual Studio Solution File, Format Version 12.00
# Visual Studio Version 17
VisualStudioVersion = 17.4.33213.308
MinimumVisualStudioVersion = 10.0.40219.1
Project("{FAE04EC0-301F-11D3-BF4B-00C04F79EFBC}") = "ExerciciosResolvidos2", "ExerciciosResolvidos2\ExerciciosResolvidos2.csproj", "{DC95B52E-4AD1-4ACB-A9B9-D5FF5C4834FD}"
EndProject
Global
	GlobalSection(SolutionConfigurationPlatforms) = preSolution
		Debug|Any CPU = Debug|Any CPU
		Release|Any CPU = Release|Any CPU
	EndGlobalSection
	GlobalSection(ProjectConfigurationPlatforms) = postSolution
		{DC95B52E-4AD1-4ACB-A9B9-D5FF5C4834FD}.Debug|Any CPU.ActiveCfg = Debug|Any CPU
		{DC95B52E-4AD1-4ACB-A9B9-D5FF5C4834FD}.Debug|Any CPU.Build.0 = Debug|Any CPU
		{DC95B52E-4AD1-4ACB-A9B9-D5FF5C4834FD}.Release|Any CPU.ActiveCfg = Release|Any CPU
		{DC95B52E-4AD1-4ACB-A9B9-D5FF5C4834FD}.Release|Any CPU.Build.0 = Release|Any CPU
	EndGlobalSection
	GlobalSection(SolutionProperties) = preSolution
		HideSolutionNode = FALSE
	EndGlobalSection
	GlobalSection(ExtensibilityGlobals) = postSolution
		SolutionGuid = {05FF18EE-E7FE-4EAE-B12E-96B278127BC0}
	EndGlobalSection
EndGlobal
